
Microsoft Visual Studio Solution File, Format Version 12.00
# Visual Studio 15
VisualStudioVersion = 15.0.28307.852
MinimumVisualStudioVersion = 10.0.40219.1
Project("{FAE04EC0-301F-11D3-BF4B-00C04F79EFBC}") = "MyCalcLib", "MyCalcLib\MyCalcLib.csproj", "{811F3A96-B5D2-4D0B-A6FC-29382B8A0382}"
EndProject
Project("{FAE04EC0-301F-11D3-BF4B-00C04F79EFBC}") = "MyCalcLib.Tests", "MyCalcLib.Tests\MyCalcLib.Tests.csproj", "{AB188270-4C30-4169-9CD9-80920729FA71}"
EndProject
Global
	GlobalSection(SolutionConfigurationPlatforms) = preSolution
		Debug|Any CPU = Debug|Any CPU
		Release|Any CPU = Release|Any CPU
	EndGlobalSection
	GlobalSection(ProjectConfigurationPlatforms) = postSolution
		{811F3A96-B5D2-4D0B-A6FC-29382B8A0382}.Debug|Any CPU.ActiveCfg = Debug|Any CPU
		{811F3A96-B5D2-4D0B-A6FC-29382B8A0382}.Debug|Any CPU.Build.0 = Debug|Any CPU
		{811F3A96-B5D2-4D0B-A6FC-29382B8A0382}.Release|Any CPU.ActiveCfg = Release|Any CPU
		{811F3A96-B5D2-4D0B-A6FC-29382B8A0382}.Release|Any CPU.Build.0 = Release|Any CPU
		{AB188270-4C30-4169-9CD9-80920729FA71}.Debug|Any CPU.ActiveCfg = Debug|Any CPU
		{AB188270-4C30-4169-9CD9-80920729FA71}.Debug|Any CPU.Build.0 = Debug|Any CPU
		{AB188270-4C30-4169-9CD9-80920729FA71}.Release|Any CPU.ActiveCfg = Release|Any CPU
		{AB188270-4C30-4169-9CD9-80920729FA71}.Release|Any CPU.Build.0 = Release|Any CPU
	EndGlobalSection
	GlobalSection(SolutionProperties) = preSolution
		HideSolutionNode = FALSE
	EndGlobalSection
	GlobalSection(ExtensibilityGlobals) = postSolution
		SolutionGuid = {A679E008-3F46-452F-A618-2CC5AEE760F4}
	EndGlobalSection
EndGlobal
